
Microsoft Visual Studio Solution File, Format Version 12.00
# Visual Studio 15
VisualStudioVersion = 15.0.27004.2005
MinimumVisualStudioVersion = 10.0.40219.1
Project("{9A19103F-16F7-4668-BE54-9A1E7A4F7556}") = "Tiny.Http", "TinyHttp\Tiny.Http.csproj", "{AE3327FF-7E49-467A-A410-8F151CCC30AD}"
EndProject
Project("{2150E333-8FDC-42A3-9474-1A3956D46DE8}") = "Common", "Common", "{BA692F65-6153-4BD7-8CE7-A3C478BB377E}"
	ProjectSection(SolutionItems) = preProject
		Directory.Build.props = Directory.Build.props
		ruleset.ruleset = ruleset.ruleset
		stylecop.json = stylecop.json
	EndProjectSection
EndProject
Project("{2150E333-8FDC-42A3-9474-1A3956D46DE8}") = "Tests", "Tests", "{04546413-FE1B-43A1-B36C-9991DF5D5C4F}"
EndProject
Project("{9A19103F-16F7-4668-BE54-9A1E7A4F7556}") = "Tiny.Http.ForTest.Api", "Tests\TinyHttp.ForTest.Api\Tiny.Http.ForTest.Api.csproj", "{FD51EA34-F479-4CCA-B2AC-7AC17638A261}"
EndProject
Project("{9A19103F-16F7-4668-BE54-9A1E7A4F7556}") = "Tiny.Http.Tests", "Tests\TinyHttp.Tests\Tiny.Http.Tests.csproj", "{6F1FB439-F177-4682-99FB-164323945A5D}"
EndProject
Global
	GlobalSection(SolutionConfigurationPlatforms) = preSolution
		Debug|Any CPU = Debug|Any CPU
		Release|Any CPU = Release|Any CPU
	EndGlobalSection
	GlobalSection(ProjectConfigurationPlatforms) = postSolution
		{AE3327FF-7E49-467A-A410-8F151CCC30AD}.Debug|Any CPU.ActiveCfg = Debug|Any CPU
		{AE3327FF-7E49-467A-A410-8F151CCC30AD}.Debug|Any CPU.Build.0 = Debug|Any CPU
		{AE3327FF-7E49-467A-A410-8F151CCC30AD}.Release|Any CPU.ActiveCfg = Release|Any CPU
		{AE3327FF-7E49-467A-A410-8F151CCC30AD}.Release|Any CPU.Build.0 = Release|Any CPU
		{FD51EA34-F479-4CCA-B2AC-7AC17638A261}.Debug|Any CPU.ActiveCfg = Debug|Any CPU
		{FD51EA34-F479-4CCA-B2AC-7AC17638A261}.Debug|Any CPU.Build.0 = Debug|Any CPU
		{FD51EA34-F479-4CCA-B2AC-7AC17638A261}.Release|Any CPU.ActiveCfg = Release|Any CPU
		{FD51EA34-F479-4CCA-B2AC-7AC17638A261}.Release|Any CPU.Build.0 = Release|Any CPU
		{6F1FB439-F177-4682-99FB-164323945A5D}.Debug|Any CPU.ActiveCfg = Debug|Any CPU
		{6F1FB439-F177-4682-99FB-164323945A5D}.Debug|Any CPU.Build.0 = Debug|Any CPU
		{6F1FB439-F177-4682-99FB-164323945A5D}.Release|Any CPU.ActiveCfg = Release|Any CPU
		{6F1FB439-F177-4682-99FB-164323945A5D}.Release|Any CPU.Build.0 = Release|Any CPU
	EndGlobalSection
	GlobalSection(SolutionProperties) = preSolution
		HideSolutionNode = FALSE
	EndGlobalSection
	GlobalSection(NestedProjects) = preSolution
		{FD51EA34-F479-4CCA-B2AC-7AC17638A261} = {04546413-FE1B-43A1-B36C-9991DF5D5C4F}
		{6F1FB439-F177-4682-99FB-164323945A5D} = {04546413-FE1B-43A1-B36C-9991DF5D5C4F}
	EndGlobalSection
	GlobalSection(ExtensibilityGlobals) = postSolution
		SolutionGuid = {CA5D635D-59C9-4247-8C13-9D78B5834FC2}
	EndGlobalSection
EndGlobal
